
Microsoft Visual Studio Solution File, Format Version 12.00
# Visual Studio Version 17
VisualStudioVersion = 17.7.34221.43
MinimumVisualStudioVersion = 10.0.40219.1
Project("{9A19103F-16F7-4668-BE54-9A1E7A4F7556}") = "Controle_Estoque_API", "Controle_Estoque_API\Controle_Estoque_API.csproj", "{068158E4-8C54-411F-A8A8-57800D36FB02}"
EndProject
Global
	GlobalSection(SolutionConfigurationPlatforms) = preSolution
		Debug|Any CPU = Debug|Any CPU
		Release|Any CPU = Release|Any CPU
	EndGlobalSection
	GlobalSection(ProjectConfigurationPlatforms) = postSolution
		{068158E4-8C54-411F-A8A8-57800D36FB02}.Debug|Any CPU.ActiveCfg = Debug|Any CPU
		{068158E4-8C54-411F-A8A8-57800D36FB02}.Debug|Any CPU.Build.0 = Debug|Any CPU
		{068158E4-8C54-411F-A8A8-57800D36FB02}.Release|Any CPU.ActiveCfg = Release|Any CPU
		{068158E4-8C54-411F-A8A8-57800D36FB02}.Release|Any CPU.Build.0 = Release|Any CPU
	EndGlobalSection
	GlobalSection(SolutionProperties) = preSolution
		HideSolutionNode = FALSE
	EndGlobalSection
	GlobalSection(ExtensibilityGlobals) = postSolution
		SolutionGuid = {3BD9D154-465E-46DC-BB4E-F0D459C340FE}
	EndGlobalSection
EndGlobal
